
Microsoft Visual Studio Solution File, Format Version 12.00
# Visual Studio Version 16
VisualStudioVersion = 16.0.29905.134
MinimumVisualStudioVersion = 10.0.40219.1
Project("{9A19103F-16F7-4668-BE54-9A1E7A4F7556}") = "AdmBoots.Api", "Adm.Boot.Api\AdmBoots.Api.csproj", "{2935B8F4-B1A0-4454-82E1-971584078C38}"
EndProject
Project("{2150E333-8FDC-42A3-9474-1A3956D46DE8}") = "src", "src", "{9B3910A4-196B-46C1-BBFE-8DC29C7B0663}"
EndProject
Project("{9A19103F-16F7-4668-BE54-9A1E7A4F7556}") = "AdmBoots.Application", "Adm.Boot.Application\AdmBoots.Application.csproj", "{F109962D-84FF-4C18-BE3C-F2CA0FC1326A}"
EndProject
Project("{9A19103F-16F7-4668-BE54-9A1E7A4F7556}") = "AdmBoots.Data", "Adm.Boot.Data\AdmBoots.Data.csproj", "{2D170524-DB20-480C-BD65-CF29CB6F4131}"
EndProject
Project("{9A19103F-16F7-4668-BE54-9A1E7A4F7556}") = "AdmBoots.Domain", "Adm.Boot.Domain\AdmBoots.Domain.csproj", "{3DB26BAC-B41E-4647-90A7-1150D2540764}"
EndProject
Project("{9A19103F-16F7-4668-BE54-9A1E7A4F7556}") = "AdmBoots.Infrastructure", "Adm.Boot.Infrastructure\AdmBoots.Infrastructure.csproj", "{3CA42A2D-6A31-4495-882A-D28108651843}"
EndProject
Project("{2150E333-8FDC-42A3-9474-1A3956D46DE8}") = "Solution Items", "Solution Items", "{3FF2652A-19D7-4684-933F-B01CEBF7414B}"
	ProjectSection(SolutionItems) = preProject
		.editorconfig = .editorconfig
	EndProjectSection
EndProject
Global
	GlobalSection(SolutionConfigurationPlatforms) = preSolution
		Debug|Any CPU = Debug|Any CPU
		Release|Any CPU = Release|Any CPU
	EndGlobalSection
	GlobalSection(ProjectConfigurationPlatforms) = postSolution
		{2935B8F4-B1A0-4454-82E1-971584078C38}.Debug|Any CPU.ActiveCfg = Debug|Any CPU
		{2935B8F4-B1A0-4454-82E1-971584078C38}.Debug|Any CPU.Build.0 = Debug|Any CPU
		{2935B8F4-B1A0-4454-82E1-971584078C38}.Release|Any CPU.ActiveCfg = Release|Any CPU
		{2935B8F4-B1A0-4454-82E1-971584078C38}.Release|Any CPU.Build.0 = Release|Any CPU
		{F109962D-84FF-4C18-BE3C-F2CA0FC1326A}.Debug|Any CPU.ActiveCfg = Debug|Any CPU
		{F109962D-84FF-4C18-BE3C-F2CA0FC1326A}.Debug|Any CPU.Build.0 = Debug|Any CPU
		{F109962D-84FF-4C18-BE3C-F2CA0FC1326A}.Release|Any CPU.ActiveCfg = Release|Any CPU
		{F109962D-84FF-4C18-BE3C-F2CA0FC1326A}.Release|Any CPU.Build.0 = Release|Any CPU
		{2D170524-DB20-480C-BD65-CF29CB6F4131}.Debug|Any CPU.ActiveCfg = Debug|Any CPU
		{2D170524-DB20-480C-BD65-CF29CB6F4131}.Debug|Any CPU.Build.0 = Debug|Any CPU
		{2D170524-DB20-480C-BD65-CF29CB6F4131}.Release|Any CPU.ActiveCfg = Release|Any CPU
		{2D170524-DB20-480C-BD65-CF29CB6F4131}.Release|Any CPU.Build.0 = Release|Any CPU
		{3DB26BAC-B41E-4647-90A7-1150D2540764}.Debug|Any CPU.ActiveCfg = Debug|Any CPU
		{3DB26BAC-B41E-4647-90A7-1150D2540764}.Debug|Any CPU.Build.0 = Debug|Any CPU
		{3DB26BAC-B41E-4647-90A7-1150D2540764}.Release|Any CPU.ActiveCfg = Release|Any CPU
		{3DB26BAC-B41E-4647-90A7-1150D2540764}.Release|Any CPU.Build.0 = Release|Any CPU
		{3CA42A2D-6A31-4495-882A-D28108651843}.Debug|Any CPU.ActiveCfg = Debug|Any CPU
		{3CA42A2D-6A31-4495-882A-D28108651843}.Debug|Any CPU.Build.0 = Debug|Any CPU
		{3CA42A2D-6A31-4495-882A-D28108651843}.Release|Any CPU.ActiveCfg = Release|Any CPU
		{3CA42A2D-6A31-4495-882A-D28108651843}.Release|Any CPU.Build.0 = Release|Any CPU
	EndGlobalSection
	GlobalSection(SolutionProperties) = preSolution
		HideSolutionNode = FALSE
	EndGlobalSection
	GlobalSection(NestedProjects) = preSolution
		{2935B8F4-B1A0-4454-82E1-971584078C38} = {9B3910A4-196B-46C1-BBFE-8DC29C7B0663}
		{F109962D-84FF-4C18-BE3C-F2CA0FC1326A} = {9B3910A4-196B-46C1-BBFE-8DC29C7B0663}
		{2D170524-DB20-480C-BD65-CF29CB6F4131} = {9B3910A4-196B-46C1-BBFE-8DC29C7B0663}
		{3DB26BAC-B41E-4647-90A7-1150D2540764} = {9B3910A4-196B-46C1-BBFE-8DC29C7B0663}
		{3CA42A2D-6A31-4495-882A-D28108651843} = {9B3910A4-196B-46C1-BBFE-8DC29C7B0663}
	EndGlobalSection
	GlobalSection(ExtensibilityGlobals) = postSolution
		SolutionGuid = {45A40EA1-1476-4A8D-8CE6-D62430D6D1C3}
	EndGlobalSection
EndGlobal
